
Microsoft Visual Studio Solution File, Format Version 12.00
# Visual Studio Version 16
VisualStudioVersion = 16.0.30309.148
MinimumVisualStudioVersion = 10.0.40219.1
Project("{FAE04EC0-301F-11D3-BF4B-00C04F79EFBC}") = "MedicalApp", "MedicalApp\MedicalApp.csproj", "{3FF7D992-51F5-43B7-96DD-B9942AE91AEB}"
EndProject
Global
	GlobalSection(SolutionConfigurationPlatforms) = preSolution
		Debug|Any CPU = Debug|Any CPU
		Release|Any CPU = Release|Any CPU
	EndGlobalSection
	GlobalSection(ProjectConfigurationPlatforms) = postSolution
		{3FF7D992-51F5-43B7-96DD-B9942AE91AEB}.Debug|Any CPU.ActiveCfg = Debug|Any CPU
		{3FF7D992-51F5-43B7-96DD-B9942AE91AEB}.Debug|Any CPU.Build.0 = Debug|Any CPU
		{3FF7D992-51F5-43B7-96DD-B9942AE91AEB}.Release|Any CPU.ActiveCfg = Release|Any CPU
		{3FF7D992-51F5-43B7-96DD-B9942AE91AEB}.Release|Any CPU.Build.0 = Release|Any CPU
	EndGlobalSection
	GlobalSection(SolutionProperties) = preSolution
		HideSolutionNode = FALSE
	EndGlobalSection
	GlobalSection(ExtensibilityGlobals) = postSolution
		SolutionGuid = {3C3987AD-7FAB-4B18-A15D-334F9B408942}
	EndGlobalSection
EndGlobal
